
Microsoft Visual Studio Solution File, Format Version 12.00
# Visual Studio Version 16
VisualStudioVersion = 16.0.29709.97
MinimumVisualStudioVersion = 10.0.40219.1
Project("{FAE04EC0-301F-11D3-BF4B-00C04F79EFBC}") = "IterationStatementTaylorRamsamy", "IterationStatementTaylorRamsamy\IterationStatementTaylorRamsamy.csproj", "{ACFDB950-C1AC-4229-BB95-5405B44FE868}"
EndProject
Global
	GlobalSection(SolutionConfigurationPlatforms) = preSolution
		Debug|Any CPU = Debug|Any CPU
		Release|Any CPU = Release|Any CPU
	EndGlobalSection
	GlobalSection(ProjectConfigurationPlatforms) = postSolution
		{ACFDB950-C1AC-4229-BB95-5405B44FE868}.Debug|Any CPU.ActiveCfg = Debug|Any CPU
		{ACFDB950-C1AC-4229-BB95-5405B44FE868}.Debug|Any CPU.Build.0 = Debug|Any CPU
		{ACFDB950-C1AC-4229-BB95-5405B44FE868}.Release|Any CPU.ActiveCfg = Release|Any CPU
		{ACFDB950-C1AC-4229-BB95-5405B44FE868}.Release|Any CPU.Build.0 = Release|Any CPU
	EndGlobalSection
	GlobalSection(SolutionProperties) = preSolution
		HideSolutionNode = FALSE
	EndGlobalSection
	GlobalSection(ExtensibilityGlobals) = postSolution
		SolutionGuid = {1C082413-DDB3-43F5-A2F0-430B05B98EB8}
	EndGlobalSection
EndGlobal
